
Microsoft Visual Studio Solution File, Format Version 12.00
# Visual Studio 15
VisualStudioVersion = 15.0.27130.2010
MinimumVisualStudioVersion = 10.0.40219.1
Project("{888888A0-9F3D-457C-B088-3A5042F75D52}") = "Promoter", "Promoter\Promoter.pyproj", "{709C9154-95BD-4786-8F8A-A82E36938E16}"
EndProject
Global
	GlobalSection(SolutionConfigurationPlatforms) = preSolution
		Debug|Any CPU = Debug|Any CPU
		Release|Any CPU = Release|Any CPU
	EndGlobalSection
	GlobalSection(ProjectConfigurationPlatforms) = postSolution
		{709C9154-95BD-4786-8F8A-A82E36938E16}.Debug|Any CPU.ActiveCfg = Debug|Any CPU
		{709C9154-95BD-4786-8F8A-A82E36938E16}.Release|Any CPU.ActiveCfg = Release|Any CPU
	EndGlobalSection
	GlobalSection(SolutionProperties) = preSolution
		HideSolutionNode = FALSE
	EndGlobalSection
	GlobalSection(ExtensibilityGlobals) = postSolution
		SolutionGuid = {ADFA8C80-2E27-4C22-817C-DC1A66E03B9B}
	EndGlobalSection
EndGlobal
